
Microsoft Visual Studio Solution File, Format Version 12.00
# Visual Studio Version 17
VisualStudioVersion = 17.7.34202.233
MinimumVisualStudioVersion = 10.0.40219.1
Project("{FAE04EC0-301F-11D3-BF4B-00C04F79EFBC}") = "Ex 4.4 ArrayList", "Ex 4.4 ArrayList.csproj", "{764CC0E8-FE67-4AA3-84BF-AA2C1BBB9771}"
EndProject
Global
	GlobalSection(SolutionConfigurationPlatforms) = preSolution
		Debug|Any CPU = Debug|Any CPU
		Release|Any CPU = Release|Any CPU
	EndGlobalSection
	GlobalSection(ProjectConfigurationPlatforms) = postSolution
		{764CC0E8-FE67-4AA3-84BF-AA2C1BBB9771}.Debug|Any CPU.ActiveCfg = Debug|Any CPU
		{764CC0E8-FE67-4AA3-84BF-AA2C1BBB9771}.Debug|Any CPU.Build.0 = Debug|Any CPU
		{764CC0E8-FE67-4AA3-84BF-AA2C1BBB9771}.Release|Any CPU.ActiveCfg = Release|Any CPU
		{764CC0E8-FE67-4AA3-84BF-AA2C1BBB9771}.Release|Any CPU.Build.0 = Release|Any CPU
	EndGlobalSection
	GlobalSection(SolutionProperties) = preSolution
		HideSolutionNode = FALSE
	EndGlobalSection
	GlobalSection(ExtensibilityGlobals) = postSolution
		SolutionGuid = {47DC5627-1C38-4730-B6B5-07EBF58A44F5}
	EndGlobalSection
EndGlobal
